
Microsoft Visual Studio Solution File, Format Version 12.00
# Visual Studio Version 16
VisualStudioVersion = 16.6.30114.105
MinimumVisualStudioVersion = 10.0.40219.1
Project("{FAE04EC0-301F-11D3-BF4B-00C04F79EFBC}") = "Windore.EvolutionSimulation", "Windore.EvolutionSimulation\Windore.EvolutionSimulation.csproj", "{418B731C-E254-4CF8-A682-6F533724C285}"
EndProject
Project("{FAE04EC0-301F-11D3-BF4B-00C04F79EFBC}") = "Windore.Simulations2D", "..\Simulations2D\src\Windore.Simulations2D\Windore.Simulations2D.csproj", "{A10F2B6A-5CAC-4B57-BF40-1CD6B060574D}"
EndProject
Project("{FAE04EC0-301F-11D3-BF4B-00C04F79EFBC}") = "Windore.Simulations2D.GUI", "..\Simulations2D\src\Windore.Simulations2D.GUI\Windore.Simulations2D.GUI.csproj", "{BAB78A2B-CB26-4BCA-8536-90BBA5A5BF3C}"
EndProject
Project("{FAE04EC0-301F-11D3-BF4B-00C04F79EFBC}") = "Windore.Settings.Base", "..\Settings\src\Windore.Settings.Base\Windore.Settings.Base.csproj", "{03B31744-F6E5-4B01-AAC5-62155A23875B}"
EndProject
Project("{FAE04EC0-301F-11D3-BF4B-00C04F79EFBC}") = "Windore.Settings.GUI", "..\Settings\src\Windore.Settings.GUI\Windore.Settings.GUI.csproj", "{9BA40405-8609-43AC-8238-77BD533BB132}"
EndProject
Global
	GlobalSection(SolutionConfigurationPlatforms) = preSolution
		Debug|Any CPU = Debug|Any CPU
		Debug|x64 = Debug|x64
		Debug|x86 = Debug|x86
		Release|Any CPU = Release|Any CPU
		Release|x64 = Release|x64
		Release|x86 = Release|x86
	EndGlobalSection
	GlobalSection(SolutionProperties) = preSolution
		HideSolutionNode = FALSE
	EndGlobalSection
	GlobalSection(ProjectConfigurationPlatforms) = postSolution
		{418B731C-E254-4CF8-A682-6F533724C285}.Debug|Any CPU.ActiveCfg = Debug|Any CPU
		{418B731C-E254-4CF8-A682-6F533724C285}.Debug|Any CPU.Build.0 = Debug|Any CPU
		{418B731C-E254-4CF8-A682-6F533724C285}.Debug|x64.ActiveCfg = Debug|Any CPU
		{418B731C-E254-4CF8-A682-6F533724C285}.Debug|x64.Build.0 = Debug|Any CPU
		{418B731C-E254-4CF8-A682-6F533724C285}.Debug|x86.ActiveCfg = Debug|Any CPU
		{418B731C-E254-4CF8-A682-6F533724C285}.Debug|x86.Build.0 = Debug|Any CPU
		{418B731C-E254-4CF8-A682-6F533724C285}.Release|Any CPU.ActiveCfg = Release|Any CPU
		{418B731C-E254-4CF8-A682-6F533724C285}.Release|Any CPU.Build.0 = Release|Any CPU
		{418B731C-E254-4CF8-A682-6F533724C285}.Release|x64.ActiveCfg = Release|Any CPU
		{418B731C-E254-4CF8-A682-6F533724C285}.Release|x64.Build.0 = Release|Any CPU
		{418B731C-E254-4CF8-A682-6F533724C285}.Release|x86.ActiveCfg = Release|Any CPU
		{418B731C-E254-4CF8-A682-6F533724C285}.Release|x86.Build.0 = Release|Any CPU
		{A10F2B6A-5CAC-4B57-BF40-1CD6B060574D}.Debug|Any CPU.ActiveCfg = Debug|Any CPU
		{A10F2B6A-5CAC-4B57-BF40-1CD6B060574D}.Debug|Any CPU.Build.0 = Debug|Any CPU
		{A10F2B6A-5CAC-4B57-BF40-1CD6B060574D}.Debug|x64.ActiveCfg = Debug|Any CPU
		{A10F2B6A-5CAC-4B57-BF40-1CD6B060574D}.Debug|x64.Build.0 = Debug|Any CPU
		{A10F2B6A-5CAC-4B57-BF40-1CD6B060574D}.Debug|x86.ActiveCfg = Debug|Any CPU
		{A10F2B6A-5CAC-4B57-BF40-1CD6B060574D}.Debug|x86.Build.0 = Debug|Any CPU
		{A10F2B6A-5CAC-4B57-BF40-1CD6B060574D}.Release|Any CPU.ActiveCfg = Release|Any CPU
		{A10F2B6A-5CAC-4B57-BF40-1CD6B060574D}.Release|Any CPU.Build.0 = Release|Any CPU
		{A10F2B6A-5CAC-4B57-BF40-1CD6B060574D}.Release|x64.ActiveCfg = Release|Any CPU
		{A10F2B6A-5CAC-4B57-BF40-1CD6B060574D}.Release|x64.Build.0 = Release|Any CPU
		{A10F2B6A-5CAC-4B57-BF40-1CD6B060574D}.Release|x86.ActiveCfg = Release|Any CPU
		{A10F2B6A-5CAC-4B57-BF40-1CD6B060574D}.Release|x86.Build.0 = Release|Any CPU
		{BAB78A2B-CB26-4BCA-8536-90BBA5A5BF3C}.Debug|Any CPU.ActiveCfg = Debug|Any CPU
		{BAB78A2B-CB26-4BCA-8536-90BBA5A5BF3C}.Debug|Any CPU.Build.0 = Debug|Any CPU
		{BAB78A2B-CB26-4BCA-8536-90BBA5A5BF3C}.Debug|x64.ActiveCfg = Debug|Any CPU
		{BAB78A2B-CB26-4BCA-8536-90BBA5A5BF3C}.Debug|x64.Build.0 = Debug|Any CPU
		{BAB78A2B-CB26-4BCA-8536-90BBA5A5BF3C}.Debug|x86.ActiveCfg = Debug|Any CPU
		{BAB78A2B-CB26-4BCA-8536-90BBA5A5BF3C}.Debug|x86.Build.0 = Debug|Any CPU
		{BAB78A2B-CB26-4BCA-8536-90BBA5A5BF3C}.Release|Any CPU.ActiveCfg = Release|Any CPU
		{BAB78A2B-CB26-4BCA-8536-90BBA5A5BF3C}.Release|Any CPU.Build.0 = Release|Any CPU
		{BAB78A2B-CB26-4BCA-8536-90BBA5A5BF3C}.Release|x64.ActiveCfg = Release|Any CPU
		{BAB78A2B-CB26-4BCA-8536-90BBA5A5BF3C}.Release|x64.Build.0 = Release|Any CPU
		{BAB78A2B-CB26-4BCA-8536-90BBA5A5BF3C}.Release|x86.ActiveCfg = Release|Any CPU
		{BAB78A2B-CB26-4BCA-8536-90BBA5A5BF3C}.Release|x86.Build.0 = Release|Any CPU
		{03B31744-F6E5-4B01-AAC5-62155A23875B}.Debug|Any CPU.ActiveCfg = Debug|Any CPU
		{03B31744-F6E5-4B01-AAC5-62155A23875B}.Debug|Any CPU.Build.0 = Debug|Any CPU
		{03B31744-F6E5-4B01-AAC5-62155A23875B}.Debug|x64.ActiveCfg = Debug|Any CPU
		{03B31744-F6E5-4B01-AAC5-62155A23875B}.Debug|x64.Build.0 = Debug|Any CPU
		{03B31744-F6E5-4B01-AAC5-62155A23875B}.Debug|x86.ActiveCfg = Debug|Any CPU
		{03B31744-F6E5-4B01-AAC5-62155A23875B}.Debug|x86.Build.0 = Debug|Any CPU
		{03B31744-F6E5-4B01-AAC5-62155A23875B}.Release|Any CPU.ActiveCfg = Release|Any CPU
		{03B31744-F6E5-4B01-AAC5-62155A23875B}.Release|Any CPU.Build.0 = Release|Any CPU
		{03B31744-F6E5-4B01-AAC5-62155A23875B}.Release|x64.ActiveCfg = Release|Any CPU
		{03B31744-F6E5-4B01-AAC5-62155A23875B}.Release|x64.Build.0 = Release|Any CPU
		{03B31744-F6E5-4B01-AAC5-62155A23875B}.Release|x86.ActiveCfg = Release|Any CPU
		{03B31744-F6E5-4B01-AAC5-62155A23875B}.Release|x86.Build.0 = Release|Any CPU
		{9BA40405-8609-43AC-8238-77BD533BB132}.Debug|Any CPU.ActiveCfg = Debug|Any CPU
		{9BA40405-8609-43AC-8238-77BD533BB132}.Debug|Any CPU.Build.0 = Debug|Any CPU
		{9BA40405-8609-43AC-8238-77BD533BB132}.Debug|x64.ActiveCfg = Debug|Any CPU
		{9BA40405-8609-43AC-8238-77BD533BB132}.Debug|x64.Build.0 = Debug|Any CPU
		{9BA40405-8609-43AC-8238-77BD533BB132}.Debug|x86.ActiveCfg = Debug|Any CPU
		{9BA40405-8609-43AC-8238-77BD533BB132}.Debug|x86.Build.0 = Debug|Any CPU
		{9BA40405-8609-43AC-8238-77BD533BB132}.Release|Any CPU.ActiveCfg = Release|Any CPU
		{9BA40405-8609-43AC-8238-77BD533BB132}.Release|Any CPU.Build.0 = Release|Any CPU
		{9BA40405-8609-43AC-8238-77BD533BB132}.Release|x64.ActiveCfg = Release|Any CPU
		{9BA40405-8609-43AC-8238-77BD533BB132}.Release|x64.Build.0 = Release|Any CPU
		{9BA40405-8609-43AC-8238-77BD533BB132}.Release|x86.ActiveCfg = Release|Any CPU
		{9BA40405-8609-43AC-8238-77BD533BB132}.Release|x86.Build.0 = Release|Any CPU
	EndGlobalSection
EndGlobal
